{
  "name": "app",
  "version": "1.0.0",
  "lockfileVersion": 3,
  "requires": true,
  "packages": {
    "": {
      "name": "app",
      "version": "1.0.0",
      "license": "ISC",
      "dependencies": {
        "lion-lib-avadhut": "^1.0.0"
      }
    },
    "node_modules/lion-lib-avadhut": {
      "version": "1.0.0",
      "resolved": "https://registry.npmjs.org/lion-lib-avadhut/-/lion-lib-avadhut-1.0.0.tgz",
      "integrity": "sha512-1Dbtpwvy8OdtKUfnygk95w3cxH+I/rWjMdVRfWXOI6gCw6yl1UOMFXNL091KGY35qMpVZGxTdJJiZ3ARtVXhmQ=="
    }
  }
}
